
Microsoft Visual Studio Solution File, Format Version 12.00
# Visual Studio Version 17
VisualStudioVersion = 17.2.32516.85
MinimumVisualStudioVersion = 10.0.40219.1
Project("{FAE04EC0-301F-11D3-BF4B-00C04F79EFBC}") = "BLProblems", "BLProblems\BLProblems.csproj", "{08AFC34F-6E36-479A-AC15-D06E42CBED00}"
EndProject
Project("{FAE04EC0-301F-11D3-BF4B-00C04F79EFBC}") = "ObjectOrientedPrograms", "ObjectOrientedPrograms\ObjectOrientedPrograms.csproj", "{69DFCA5D-3EC5-4249-9EA2-C19E4C320263}"
EndProject
Global
	GlobalSection(SolutionConfigurationPlatforms) = preSolution
		Debug|Any CPU = Debug|Any CPU
		Release|Any CPU = Release|Any CPU
	EndGlobalSection
	GlobalSection(ProjectConfigurationPlatforms) = postSolution
		{08AFC34F-6E36-479A-AC15-D06E42CBED00}.Debug|Any CPU.ActiveCfg = Debug|Any CPU
		{08AFC34F-6E36-479A-AC15-D06E42CBED00}.Debug|Any CPU.Build.0 = Debug|Any CPU
		{08AFC34F-6E36-479A-AC15-D06E42CBED00}.Release|Any CPU.ActiveCfg = Release|Any CPU
		{08AFC34F-6E36-479A-AC15-D06E42CBED00}.Release|Any CPU.Build.0 = Release|Any CPU
		{69DFCA5D-3EC5-4249-9EA2-C19E4C320263}.Debug|Any CPU.ActiveCfg = Debug|Any CPU
		{69DFCA5D-3EC5-4249-9EA2-C19E4C320263}.Debug|Any CPU.Build.0 = Debug|Any CPU
		{69DFCA5D-3EC5-4249-9EA2-C19E4C320263}.Release|Any CPU.ActiveCfg = Release|Any CPU
		{69DFCA5D-3EC5-4249-9EA2-C19E4C320263}.Release|Any CPU.Build.0 = Release|Any CPU
	EndGlobalSection
	GlobalSection(SolutionProperties) = preSolution
		HideSolutionNode = FALSE
	EndGlobalSection
	GlobalSection(ExtensibilityGlobals) = postSolution
		SolutionGuid = {E4A78023-9803-410D-8B68-8971EEDB4E79}
	EndGlobalSection
EndGlobal
